
Microsoft Visual Studio Solution File, Format Version 12.00
# Visual Studio Version 17
VisualStudioVersion = 17.11.35222.181
MinimumVisualStudioVersion = 10.0.40219.1
Project("{9A19103F-16F7-4668-BE54-9A1E7A4F7556}") = "WinFormsApp1", "WinFormsApp1\WinFormsApp1.csproj", "{1736932A-1D99-4117-ACF2-FABDE0BF6821}"
EndProject
Project("{54435603-DBB4-11D2-8724-00A0C9A8B90C}") = "ScrapsSetup", "ScrapsSetup\ScrapsSetup.vdproj", "{6CBA05B1-A5ED-4960-95D1-CEA5D034B779}"
EndProject
Global
	GlobalSection(SolutionConfigurationPlatforms) = preSolution
		Debug|Any CPU = Debug|Any CPU
		Release|Any CPU = Release|Any CPU
	EndGlobalSection
	GlobalSection(ProjectConfigurationPlatforms) = postSolution
		{1736932A-1D99-4117-ACF2-FABDE0BF6821}.Debug|Any CPU.ActiveCfg = Debug|Any CPU
		{1736932A-1D99-4117-ACF2-FABDE0BF6821}.Debug|Any CPU.Build.0 = Debug|Any CPU
		{1736932A-1D99-4117-ACF2-FABDE0BF6821}.Release|Any CPU.ActiveCfg = Release|Any CPU
		{1736932A-1D99-4117-ACF2-FABDE0BF6821}.Release|Any CPU.Build.0 = Release|Any CPU
		{6CBA05B1-A5ED-4960-95D1-CEA5D034B779}.Debug|Any CPU.ActiveCfg = Debug
		{6CBA05B1-A5ED-4960-95D1-CEA5D034B779}.Release|Any CPU.ActiveCfg = Release
	EndGlobalSection
	GlobalSection(SolutionProperties) = preSolution
		HideSolutionNode = FALSE
	EndGlobalSection
	GlobalSection(ExtensibilityGlobals) = postSolution
		SolutionGuid = {BDBE9043-867D-47E7-9B92-E2816CFF6F0A}
	EndGlobalSection
EndGlobal
